
Microsoft Visual Studio Solution File, Format Version 12.00
# Visual Studio Version 16
VisualStudioVersion = 16.0.808.6
MinimumVisualStudioVersion = 10.0.40219.1
Project("{FAE04EC0-301F-11D3-BF4B-00C04F79EFBC}") = "Gotrue", "Gotrue\Gotrue.csproj", "{88818A9F-8595-481A-A8FB-039D86118CE5}"
EndProject
Project("{FAE04EC0-301F-11D3-BF4B-00C04F79EFBC}") = "GotrueTests", "GotrueTests\GotrueTests.csproj", "{B2C4F4BD-572E-4182-A2C9-8E5C9F6AD04C}"
EndProject
Project("{2150E333-8FDC-42A3-9474-1A3956D46DE8}") = "Solution Items", "Solution Items", "{228693BB-A395-4123-93E8-5299FF875615}"
	ProjectSection(SolutionItems) = preProject
		docker-compose.yml = docker-compose.yml
		README.md = README.md
	EndProjectSection
EndProject
Global
	GlobalSection(SolutionConfigurationPlatforms) = preSolution
		Debug|Any CPU = Debug|Any CPU
		Release|Any CPU = Release|Any CPU
	EndGlobalSection
	GlobalSection(ProjectConfigurationPlatforms) = postSolution
		{88818A9F-8595-481A-A8FB-039D86118CE5}.Debug|Any CPU.ActiveCfg = Debug|Any CPU
		{88818A9F-8595-481A-A8FB-039D86118CE5}.Debug|Any CPU.Build.0 = Debug|Any CPU
		{88818A9F-8595-481A-A8FB-039D86118CE5}.Release|Any CPU.ActiveCfg = Release|Any CPU
		{88818A9F-8595-481A-A8FB-039D86118CE5}.Release|Any CPU.Build.0 = Release|Any CPU
		{B2C4F4BD-572E-4182-A2C9-8E5C9F6AD04C}.Debug|Any CPU.ActiveCfg = Debug|Any CPU
		{B2C4F4BD-572E-4182-A2C9-8E5C9F6AD04C}.Debug|Any CPU.Build.0 = Debug|Any CPU
		{B2C4F4BD-572E-4182-A2C9-8E5C9F6AD04C}.Release|Any CPU.ActiveCfg = Release|Any CPU
		{B2C4F4BD-572E-4182-A2C9-8E5C9F6AD04C}.Release|Any CPU.Build.0 = Release|Any CPU
	EndGlobalSection
	GlobalSection(SolutionProperties) = preSolution
		HideSolutionNode = FALSE
	EndGlobalSection
	GlobalSection(ExtensibilityGlobals) = postSolution
		SolutionGuid = {3CB8EBAC-5D93-461A-8D2D-B83A69E49B4B}
	EndGlobalSection
	GlobalSection(MonoDevelopProperties) = preSolution
		Policies = $0
		$0.DotNetNamingPolicy = $1
		$1.DirectoryNamespaceAssociation = PrefixedHierarchical
		$0.VersionControlPolicy = $2
		version = 2.1.4
	EndGlobalSection
EndGlobal
